{
  "name": "angular-editor-fabric-js",
  "version": "0.0.1",
  "lockfileVersion": 1,
  "requires": true,
  "dependencies": {
    "@types/fabric": {
      "version": "3.6.2",
      "resolved": "https://registry.npmjs.org/@types/fabric/-/fabric-3.6.2.tgz",
      "integrity": "sha512-4bZv5tnAmgPqWnbl1we5yIvoMw7tZXyBvvBq7aV73RaqYMUa5fgZyYPO++igyrIuLSQq0YE0Ke/r25MKohniOQ=="
    }
  }
}
